
Microsoft Visual Studio Solution File, Format Version 12.00
# Visual Studio 2013
VisualStudioVersion = 12.0.21005.1
MinimumVisualStudioVersion = 10.0.40219.1
Project("{8BC9CEB8-8B4A-11D0-8D11-00A0C91BC942}") = "fake_ptr", "..\fake_ptr\fake_ptr.vcxproj", "{EBBB0D50-F6C8-46F0-8686-A2252DA09798}"
EndProject
Project("{8BC9CEB8-8B4A-11D0-8D11-00A0C91BC942}") = "duck_typing", "..\duck_typing\duck_typing.vcxproj", "{9ED770CF-CB0B-4141-989F-FFEC25AC8997}"
EndProject
Project("{8BC9CEB8-8B4A-11D0-8D11-00A0C91BC942}") = "noisy_objects", "..\noisy_objects\noisy_objects.vcxproj", "{2ACA4362-F9F8-419C-A868-236CB01A0D9B}"
EndProject
Project("{8BC9CEB8-8B4A-11D0-8D11-00A0C91BC942}") = "rasmeta", "..\rasmeta\rasmeta.vcxproj", "{B47928F6-AA39-4A60-AA60-B39DDA14CF3D}"
EndProject
Global
	GlobalSection(SolutionConfigurationPlatforms) = preSolution
		Debug|Win32 = Debug|Win32
		Release|Win32 = Release|Win32
	EndGlobalSection
	GlobalSection(ProjectConfigurationPlatforms) = postSolution
		{EBBB0D50-F6C8-46F0-8686-A2252DA09798}.Debug|Win32.ActiveCfg = Debug|Win32
		{EBBB0D50-F6C8-46F0-8686-A2252DA09798}.Debug|Win32.Build.0 = Debug|Win32
		{EBBB0D50-F6C8-46F0-8686-A2252DA09798}.Release|Win32.ActiveCfg = Release|Win32
		{EBBB0D50-F6C8-46F0-8686-A2252DA09798}.Release|Win32.Build.0 = Release|Win32
		{9ED770CF-CB0B-4141-989F-FFEC25AC8997}.Debug|Win32.ActiveCfg = Debug|Win32
		{9ED770CF-CB0B-4141-989F-FFEC25AC8997}.Debug|Win32.Build.0 = Debug|Win32
		{9ED770CF-CB0B-4141-989F-FFEC25AC8997}.Release|Win32.ActiveCfg = Release|Win32
		{9ED770CF-CB0B-4141-989F-FFEC25AC8997}.Release|Win32.Build.0 = Release|Win32
		{2ACA4362-F9F8-419C-A868-236CB01A0D9B}.Debug|Win32.ActiveCfg = Debug|Win32
		{2ACA4362-F9F8-419C-A868-236CB01A0D9B}.Debug|Win32.Build.0 = Debug|Win32
		{2ACA4362-F9F8-419C-A868-236CB01A0D9B}.Release|Win32.ActiveCfg = Release|Win32
		{2ACA4362-F9F8-419C-A868-236CB01A0D9B}.Release|Win32.Build.0 = Release|Win32
		{B47928F6-AA39-4A60-AA60-B39DDA14CF3D}.Debug|Win32.ActiveCfg = Debug|Win32
		{B47928F6-AA39-4A60-AA60-B39DDA14CF3D}.Debug|Win32.Build.0 = Debug|Win32
		{B47928F6-AA39-4A60-AA60-B39DDA14CF3D}.Release|Win32.ActiveCfg = Release|Win32
		{B47928F6-AA39-4A60-AA60-B39DDA14CF3D}.Release|Win32.Build.0 = Release|Win32
	EndGlobalSection
	GlobalSection(SolutionProperties) = preSolution
		HideSolutionNode = FALSE
	EndGlobalSection
EndGlobal
